
Microsoft Visual Studio Solution File, Format Version 12.00
# Visual Studio Version 16
Project("{8BC9CEB8-8B4A-11D0-8D11-00A0C91BC942}") = "ALL_BUILD", "ALL_BUILD.vcxproj", "{756FF3F2-A85C-3E58-8F3E-449C7E3EFB64}"
	ProjectSection(ProjectDependencies) = postProject
		{34984E55-EB9C-30AA-BF80-9CD1C62C04C6} = {34984E55-EB9C-30AA-BF80-9CD1C62C04C6}
		{F1E7C0E8-A066-3EB7-A371-DB047BA1C87F} = {F1E7C0E8-A066-3EB7-A371-DB047BA1C87F}
		{989C5880-0890-3590-9FD4-6726CE42CA2C} = {989C5880-0890-3590-9FD4-6726CE42CA2C}
		{54D98474-790A-3BC4-B2AE-5BFF3EA00853} = {54D98474-790A-3BC4-B2AE-5BFF3EA00853}
		{BDDE710F-F795-3862-A7DF-328BD179AC24} = {BDDE710F-F795-3862-A7DF-328BD179AC24}
	EndProjectSection
EndProject
Project("{8BC9CEB8-8B4A-11D0-8D11-00A0C91BC942}") = "INSTALL", "INSTALL.vcxproj", "{A2788A35-546F-3BCC-BAEC-1DFE0E15C6EE}"
	ProjectSection(ProjectDependencies) = postProject
		{756FF3F2-A85C-3E58-8F3E-449C7E3EFB64} = {756FF3F2-A85C-3E58-8F3E-449C7E3EFB64}
		{34984E55-EB9C-30AA-BF80-9CD1C62C04C6} = {34984E55-EB9C-30AA-BF80-9CD1C62C04C6}
	EndProjectSection
EndProject
Project("{8BC9CEB8-8B4A-11D0-8D11-00A0C91BC942}") = "RUN_TESTS", "RUN_TESTS.vcxproj", "{F0C3B25D-50BA-3A5E-9EE7-709641F91760}"
	ProjectSection(ProjectDependencies) = postProject
		{34984E55-EB9C-30AA-BF80-9CD1C62C04C6} = {34984E55-EB9C-30AA-BF80-9CD1C62C04C6}
	EndProjectSection
EndProject
Project("{8BC9CEB8-8B4A-11D0-8D11-00A0C91BC942}") = "ZERO_CHECK", "..\\ZERO_CHECK.vcxproj", "{34984E55-EB9C-30AA-BF80-9CD1C62C04C6}"
	ProjectSection(ProjectDependencies) = postProject
	EndProjectSection
EndProject
Project("{8BC9CEB8-8B4A-11D0-8D11-00A0C91BC942}") = "gmock", "gmock.vcxproj", "{F1E7C0E8-A066-3EB7-A371-DB047BA1C87F}"
	ProjectSection(ProjectDependencies) = postProject
		{34984E55-EB9C-30AA-BF80-9CD1C62C04C6} = {34984E55-EB9C-30AA-BF80-9CD1C62C04C6}
	EndProjectSection
EndProject
Project("{8BC9CEB8-8B4A-11D0-8D11-00A0C91BC942}") = "gmock_main", "gmock_main.vcxproj", "{989C5880-0890-3590-9FD4-6726CE42CA2C}"
	ProjectSection(ProjectDependencies) = postProject
		{34984E55-EB9C-30AA-BF80-9CD1C62C04C6} = {34984E55-EB9C-30AA-BF80-9CD1C62C04C6}
	EndProjectSection
EndProject
Project("{8BC9CEB8-8B4A-11D0-8D11-00A0C91BC942}") = "gtest", "..\googletest\gtest.vcxproj", "{54D98474-790A-3BC4-B2AE-5BFF3EA00853}"
	ProjectSection(ProjectDependencies) = postProject
		{34984E55-EB9C-30AA-BF80-9CD1C62C04C6} = {34984E55-EB9C-30AA-BF80-9CD1C62C04C6}
	EndProjectSection
EndProject
Project("{8BC9CEB8-8B4A-11D0-8D11-00A0C91BC942}") = "gtest_main", "..\googletest\gtest_main.vcxproj", "{BDDE710F-F795-3862-A7DF-328BD179AC24}"
	ProjectSection(ProjectDependencies) = postProject
		{34984E55-EB9C-30AA-BF80-9CD1C62C04C6} = {34984E55-EB9C-30AA-BF80-9CD1C62C04C6}
		{54D98474-790A-3BC4-B2AE-5BFF3EA00853} = {54D98474-790A-3BC4-B2AE-5BFF3EA00853}
	EndProjectSection
EndProject
Global
	GlobalSection(SolutionConfigurationPlatforms) = preSolution
		Debug|x64 = Debug|x64
		Release|x64 = Release|x64
		MinSizeRel|x64 = MinSizeRel|x64
		RelWithDebInfo|x64 = RelWithDebInfo|x64
	EndGlobalSection
	GlobalSection(ProjectConfigurationPlatforms) = postSolution
		{756FF3F2-A85C-3E58-8F3E-449C7E3EFB64}.Debug|x64.ActiveCfg = Debug|x64
		{756FF3F2-A85C-3E58-8F3E-449C7E3EFB64}.Debug|x64.Build.0 = Debug|x64
		{756FF3F2-A85C-3E58-8F3E-449C7E3EFB64}.Release|x64.ActiveCfg = Release|x64
		{756FF3F2-A85C-3E58-8F3E-449C7E3EFB64}.Release|x64.Build.0 = Release|x64
		{756FF3F2-A85C-3E58-8F3E-449C7E3EFB64}.MinSizeRel|x64.ActiveCfg = MinSizeRel|x64
		{756FF3F2-A85C-3E58-8F3E-449C7E3EFB64}.MinSizeRel|x64.Build.0 = MinSizeRel|x64
		{756FF3F2-A85C-3E58-8F3E-449C7E3EFB64}.RelWithDebInfo|x64.ActiveCfg = RelWithDebInfo|x64
		{756FF3F2-A85C-3E58-8F3E-449C7E3EFB64}.RelWithDebInfo|x64.Build.0 = RelWithDebInfo|x64
		{A2788A35-546F-3BCC-BAEC-1DFE0E15C6EE}.Debug|x64.ActiveCfg = Debug|x64
		{A2788A35-546F-3BCC-BAEC-1DFE0E15C6EE}.Release|x64.ActiveCfg = Release|x64
		{A2788A35-546F-3BCC-BAEC-1DFE0E15C6EE}.MinSizeRel|x64.ActiveCfg = MinSizeRel|x64
		{A2788A35-546F-3BCC-BAEC-1DFE0E15C6EE}.RelWithDebInfo|x64.ActiveCfg = RelWithDebInfo|x64
		{F0C3B25D-50BA-3A5E-9EE7-709641F91760}.Debug|x64.ActiveCfg = Debug|x64
		{F0C3B25D-50BA-3A5E-9EE7-709641F91760}.Release|x64.ActiveCfg = Release|x64
		{F0C3B25D-50BA-3A5E-9EE7-709641F91760}.MinSizeRel|x64.ActiveCfg = MinSizeRel|x64
		{F0C3B25D-50BA-3A5E-9EE7-709641F91760}.RelWithDebInfo|x64.ActiveCfg = RelWithDebInfo|x64
		{34984E55-EB9C-30AA-BF80-9CD1C62C04C6}.Debug|x64.ActiveCfg = Debug|x64
		{34984E55-EB9C-30AA-BF80-9CD1C62C04C6}.Debug|x64.Build.0 = Debug|x64
		{34984E55-EB9C-30AA-BF80-9CD1C62C04C6}.Release|x64.ActiveCfg = Release|x64
		{34984E55-EB9C-30AA-BF80-9CD1C62C04C6}.Release|x64.Build.0 = Release|x64
		{34984E55-EB9C-30AA-BF80-9CD1C62C04C6}.MinSizeRel|x64.ActiveCfg = MinSizeRel|x64
		{34984E55-EB9C-30AA-BF80-9CD1C62C04C6}.MinSizeRel|x64.Build.0 = MinSizeRel|x64
		{34984E55-EB9C-30AA-BF80-9CD1C62C04C6}.RelWithDebInfo|x64.ActiveCfg = RelWithDebInfo|x64
		{34984E55-EB9C-30AA-BF80-9CD1C62C04C6}.RelWithDebInfo|x64.Build.0 = RelWithDebInfo|x64
		{F1E7C0E8-A066-3EB7-A371-DB047BA1C87F}.Debug|x64.ActiveCfg = Debug|x64
		{F1E7C0E8-A066-3EB7-A371-DB047BA1C87F}.Debug|x64.Build.0 = Debug|x64
		{F1E7C0E8-A066-3EB7-A371-DB047BA1C87F}.Release|x64.ActiveCfg = Release|x64
		{F1E7C0E8-A066-3EB7-A371-DB047BA1C87F}.Release|x64.Build.0 = Release|x64
		{F1E7C0E8-A066-3EB7-A371-DB047BA1C87F}.MinSizeRel|x64.ActiveCfg = MinSizeRel|x64
		{F1E7C0E8-A066-3EB7-A371-DB047BA1C87F}.MinSizeRel|x64.Build.0 = MinSizeRel|x64
		{F1E7C0E8-A066-3EB7-A371-DB047BA1C87F}.RelWithDebInfo|x64.ActiveCfg = RelWithDebInfo|x64
		{F1E7C0E8-A066-3EB7-A371-DB047BA1C87F}.RelWithDebInfo|x64.Build.0 = RelWithDebInfo|x64
		{989C5880-0890-3590-9FD4-6726CE42CA2C}.Debug|x64.ActiveCfg = Debug|x64
		{989C5880-0890-3590-9FD4-6726CE42CA2C}.Debug|x64.Build.0 = Debug|x64
		{989C5880-0890-3590-9FD4-6726CE42CA2C}.Release|x64.ActiveCfg = Release|x64
		{989C5880-0890-3590-9FD4-6726CE42CA2C}.Release|x64.Build.0 = Release|x64
		{989C5880-0890-3590-9FD4-6726CE42CA2C}.MinSizeRel|x64.ActiveCfg = MinSizeRel|x64
		{989C5880-0890-3590-9FD4-6726CE42CA2C}.MinSizeRel|x64.Build.0 = MinSizeRel|x64
		{989C5880-0890-3590-9FD4-6726CE42CA2C}.RelWithDebInfo|x64.ActiveCfg = RelWithDebInfo|x64
		{989C5880-0890-3590-9FD4-6726CE42CA2C}.RelWithDebInfo|x64.Build.0 = RelWithDebInfo|x64
		{54D98474-790A-3BC4-B2AE-5BFF3EA00853}.Debug|x64.ActiveCfg = Debug|x64
		{54D98474-790A-3BC4-B2AE-5BFF3EA00853}.Debug|x64.Build.0 = Debug|x64
		{54D98474-790A-3BC4-B2AE-5BFF3EA00853}.Release|x64.ActiveCfg = Release|x64
		{54D98474-790A-3BC4-B2AE-5BFF3EA00853}.Release|x64.Build.0 = Release|x64
		{54D98474-790A-3BC4-B2AE-5BFF3EA00853}.MinSizeRel|x64.ActiveCfg = MinSizeRel|x64
		{54D98474-790A-3BC4-B2AE-5BFF3EA00853}.MinSizeRel|x64.Build.0 = MinSizeRel|x64
		{54D98474-790A-3BC4-B2AE-5BFF3EA00853}.RelWithDebInfo|x64.ActiveCfg = RelWithDebInfo|x64
		{54D98474-790A-3BC4-B2AE-5BFF3EA00853}.RelWithDebInfo|x64.Build.0 = RelWithDebInfo|x64
		{BDDE710F-F795-3862-A7DF-328BD179AC24}.Debug|x64.ActiveCfg = Debug|x64
		{BDDE710F-F795-3862-A7DF-328BD179AC24}.Debug|x64.Build.0 = Debug|x64
		{BDDE710F-F795-3862-A7DF-328BD179AC24}.Release|x64.ActiveCfg = Release|x64
		{BDDE710F-F795-3862-A7DF-328BD179AC24}.Release|x64.Build.0 = Release|x64
		{BDDE710F-F795-3862-A7DF-328BD179AC24}.MinSizeRel|x64.ActiveCfg = MinSizeRel|x64
		{BDDE710F-F795-3862-A7DF-328BD179AC24}.MinSizeRel|x64.Build.0 = MinSizeRel|x64
		{BDDE710F-F795-3862-A7DF-328BD179AC24}.RelWithDebInfo|x64.ActiveCfg = RelWithDebInfo|x64
		{BDDE710F-F795-3862-A7DF-328BD179AC24}.RelWithDebInfo|x64.Build.0 = RelWithDebInfo|x64
	EndGlobalSection
	GlobalSection(ExtensibilityGlobals) = postSolution
		SolutionGuid = {9F3926A7-8419-365A-B3FD-9343C7B65E95}
	EndGlobalSection
	GlobalSection(ExtensibilityAddIns) = postSolution
	EndGlobalSection
EndGlobal
